// !$*UTF8*$!
{
	archiveVersion = 1;
	classes = {
	};
	objectVersion = 77;
	objects = {

/* Begin PBXBuildFile section */
		28A063122D7A3F3900E9F382 /* FSM in Frameworks */ = {isa = PBXBuildFile; productRef = 28A063112D7A3F3900E9F382 /* FSM */; };
/* End PBXBuildFile section */

/* Begin PBXContainerItemProxy section */
		28A062F32D7A3DD000E9F382 /* PBXContainerItemProxy */ = {
			isa = PBXContainerItemProxy;
			containerPortal = 28A062D62D7A3DCE00E9F382 /* Project object */;
			proxyType = 1;
			remoteGlobalIDString = 28A062DD2D7A3DCE00E9F382;
			remoteInfo = grammars;
		};
		28A062FD2D7A3DD000E9F382 /* PBXContainerItemProxy */ = {
			isa = PBXContainerItemProxy;
			containerPortal = 28A062D62D7A3DCE00E9F382 /* Project object */;
			proxyType = 1;
			remoteGlobalIDString = 28A062DD2D7A3DCE00E9F382;
			remoteInfo = grammars;
		};
/* End PBXContainerItemProxy section */

/* Begin PBXFileReference section */
		28A062DE2D7A3DCE00E9F382 /* grammars.app */ = {isa = PBXFileReference; explicitFileType = wrapper.application; includeInIndex = 0; path = grammars.app; sourceTree = BUILT_PRODUCTS_DIR; };
		28A062F22D7A3DD000E9F382 /* grammarsTests.xctest */ = {isa = PBXFileReference; explicitFileType = wrapper.cfbundle; includeInIndex = 0; path = grammarsTests.xctest; sourceTree = BUILT_PRODUCTS_DIR; };
		28A062FC2D7A3DD000E9F382 /* grammarsUITests.xctest */ = {isa = PBXFileReference; explicitFileType = wrapper.cfbundle; includeInIndex = 0; path = grammarsUITests.xctest; sourceTree = BUILT_PRODUCTS_DIR; };
/* End PBXFileReference section */

/* Begin PBXFileSystemSynchronizedBuildFileExceptionSet section */
		28A063042D7A3DD000E9F382 /* Exceptions for "grammars" folder in "grammars" target */ = {
			isa = PBXFileSystemSynchronizedBuildFileExceptionSet;
			membershipExceptions = (
				Info.plist,
			);
			target = 28A062DD2D7A3DCE00E9F382 /* grammars */;
		};
/* End PBXFileSystemSynchronizedBuildFileExceptionSet section */

/* Begin PBXFileSystemSynchronizedRootGroup section */
		28A062E02D7A3DCE00E9F382 /* grammars */ = {
			isa = PBXFileSystemSynchronizedRootGroup;
			exceptions = (
				28A063042D7A3DD000E9F382 /* Exceptions for "grammars" folder in "grammars" target */,
			);
			path = grammars;
			sourceTree = "<group>";
		};
		28A062FF2D7A3DD000E9F382 /* grammarsUITests */ = {
			isa = PBXFileSystemSynchronizedRootGroup;
			path = grammarsUITests;
			sourceTree = "<group>";
		};
/* End PBXFileSystemSynchronizedRootGroup section */

/* Begin PBXFrameworksBuildPhase section */
		28A062DB2D7A3DCE00E9F382 /* Frameworks */ = {
			isa = PBXFrameworksBuildPhase;
			buildActionMask = 2147483647;
			files = (
				28A063122D7A3F3900E9F382 /* FSM in Frameworks */,
			);
			runOnlyForDeploymentPostprocessing = 0;
		};
		28A062EF2D7A3DD000E9F382 /* Frameworks */ = {
			isa = PBXFrameworksBuildPhase;
			buildActionMask = 2147483647;
			files = (
			);
			runOnlyForDeploymentPostprocessing = 0;
		};
		28A062F92D7A3DD000E9F382 /* Frameworks */ = {
			isa = PBXFrameworksBuildPhase;
			buildActionMask = 2147483647;
			files = (
			);
			runOnlyForDeploymentPostprocessing = 0;
		};
/* End PBXFrameworksBuildPhase section */

/* Begin PBXGroup section */
		28A062D52D7A3DCE00E9F382 = {
			isa = PBXGroup;
			children = (
				28A062E02D7A3DCE00E9F382 /* grammars */,
				28A062FF2D7A3DD000E9F382 /* grammarsUITests */,
				28A063102D7A3F3900E9F382 /* Frameworks */,
				28A062DF2D7A3DCE00E9F382 /* Products */,
			);
			sourceTree = "<group>";
		};
		28A062DF2D7A3DCE00E9F382 /* Products */ = {
			isa = PBXGroup;
			children = (
				28A062DE2D7A3DCE00E9F382 /* grammars.app */,
				28A062F22D7A3DD000E9F382 /* grammarsTests.xctest */,
				28A062FC2D7A3DD000E9F382 /* grammarsUITests.xctest */,
			);
			name = Products;
			sourceTree = "<group>";
		};
		28A063102D7A3F3900E9F382 /* Frameworks */ = {
			isa = PBXGroup;
			children = (
			);
			name = Frameworks;
			sourceTree = "<group>";
		};
/* End PBXGroup section */

/* Begin PBXNativeTarget section */
		28A062DD2D7A3DCE00E9F382 /* grammars */ = {
			isa = PBXNativeTarget;
			buildConfigurationList = 28A063052D7A3DD000E9F382 /* Build configuration list for PBXNativeTarget "grammars" */;
			buildPhases = (
				28A062DA2D7A3DCE00E9F382 /* Sources */,
				28A062DB2D7A3DCE00E9F382 /* Frameworks */,
				28A062DC2D7A3DCE00E9F382 /* Resources */,
			);
			buildRules = (
			);
			dependencies = (
			);
			fileSystemSynchronizedGroups = (
				28A062E02D7A3DCE00E9F382 /* grammars */,
			);
			name = grammars;
			packageProductDependencies = (
				28A063112D7A3F3900E9F382 /* FSM */,
			);
			productName = grammars;
			productReference = 28A062DE2D7A3DCE00E9F382 /* grammars.app */;
			productType = "com.apple.product-type.application";
		};
		28A062F12D7A3DD000E9F382 /* grammarsTests */ = {
			isa = PBXNativeTarget;
			buildConfigurationList = 28A0630A2D7A3DD000E9F382 /* Build configuration list for PBXNativeTarget "grammarsTests" */;
			buildPhases = (
				28A062EE2D7A3DD000E9F382 /* Sources */,
				28A062EF2D7A3DD000E9F382 /* Frameworks */,
				28A062F02D7A3DD000E9F382 /* Resources */,
			);
			buildRules = (
			);
			dependencies = (
				28A062F42D7A3DD000E9F382 /* PBXTargetDependency */,
			);
			name = grammarsTests;
			packageProductDependencies = (
			);
			productName = grammarsTests;
			productReference = 28A062F22D7A3DD000E9F382 /* grammarsTests.xctest */;
			productType = "com.apple.product-type.bundle.unit-test";
		};
		28A062FB2D7A3DD000E9F382 /* grammarsUITests */ = {
			isa = PBXNativeTarget;
			buildConfigurationList = 28A0630D2D7A3DD000E9F382 /* Build configuration list for PBXNativeTarget "grammarsUITests" */;
			buildPhases = (
				28A062F82D7A3DD000E9F382 /* Sources */,
				28A062F92D7A3DD000E9F382 /* Frameworks */,
				28A062FA2D7A3DD000E9F382 /* Resources */,
			);
			buildRules = (
			);
			dependencies = (
				28A062FE2D7A3DD000E9F382 /* PBXTargetDependency */,
			);
			fileSystemSynchronizedGroups = (
				28A062FF2D7A3DD000E9F382 /* grammarsUITests */,
			);
			name = grammarsUITests;
			packageProductDependencies = (
			);
			productName = grammarsUITests;
			productReference = 28A062FC2D7A3DD000E9F382 /* grammarsUITests.xctest */;
			productType = "com.apple.product-type.bundle.ui-testing";
		};
/* End PBXNativeTarget section */

/* Begin PBXProject section */
		28A062D62D7A3DCE00E9F382 /* Project object */ = {
			isa = PBXProject;
			attributes = {
				BuildIndependentTargetsInParallel = 1;
				LastSwiftUpdateCheck = 1620;
				LastUpgradeCheck = 1620;
				TargetAttributes = {
					28A062DD2D7A3DCE00E9F382 = {
						CreatedOnToolsVersion = 16.2;
					};
					28A062F12D7A3DD000E9F382 = {
						CreatedOnToolsVersion = 16.2;
						TestTargetID = 28A062DD2D7A3DCE00E9F382;
					};
					28A062FB2D7A3DD000E9F382 = {
						CreatedOnToolsVersion = 16.2;
						TestTargetID = 28A062DD2D7A3DCE00E9F382;
					};
				};
			};
			buildConfigurationList = 28A062D92D7A3DCE00E9F382 /* Build configuration list for PBXProject "grammars" */;
			developmentRegion = en;
			hasScannedForEncodings = 0;
			knownRegions = (
				en,
				Base,
			);
			mainGroup = 28A062D52D7A3DCE00E9F382;
			minimizedProjectReferenceProxies = 1;
			packageReferences = (
				28D1978C2D7CE1BD006CF0CA /* XCLocalSwiftPackageReference "../../Grammars.swift/FSM" */,
			);
			preferredProjectObjectVersion = 77;
			productRefGroup = 28A062DF2D7A3DCE00E9F382 /* Products */;
			projectDirPath = "";
			projectRoot = "";
			targets = (
				28A062DD2D7A3DCE00E9F382 /* grammars */,
				28A062F12D7A3DD000E9F382 /* grammarsTests */,
				28A062FB2D7A3DD000E9F382 /* grammarsUITests */,
			);
		};
/* End PBXProject section */

/* Begin PBXResourcesBuildPhase section */
		28A062DC2D7A3DCE00E9F382 /* Resources */ = {
			isa = PBXResourcesBuildPhase;
			buildActionMask = 2147483647;
			files = (
			);
			runOnlyForDeploymentPostprocessing = 0;
		};
		28A062F02D7A3DD000E9F382 /* Resources */ = {
			isa = PBXResourcesBuildPhase;
			buildActionMask = 2147483647;
			files = (
			);
			runOnlyForDeploymentPostprocessing = 0;
		};
		28A062FA2D7A3DD000E9F382 /* Resources */ = {
			isa = PBXResourcesBuildPhase;
			buildActionMask = 2147483647;
			files = (
			);
			runOnlyForDeploymentPostprocessing = 0;
		};
/* End PBXResourcesBuildPhase section */

/* Begin PBXSourcesBuildPhase section */
		28A062DA2D7A3DCE00E9F382 /* Sources */ = {
			isa = PBXSourcesBuildPhase;
			buildActionMask = 2147483647;
			files = (
			);
			runOnlyForDeploymentPostprocessing = 0;
		};
		28A062EE2D7A3DD000E9F382 /* Sources */ = {
			isa = PBXSourcesBuildPhase;
			buildActionMask = 2147483647;
			files = (
			);
			runOnlyForDeploymentPostprocessing = 0;
		};
		28A062F82D7A3DD000E9F382 /* Sources */ = {
			isa = PBXSourcesBuildPhase;
			buildActionMask = 2147483647;
			files = (
			);
			runOnlyForDeploymentPostprocessing = 0;
		};
/* End PBXSourcesBuildPhase section */

/* Begin PBXTargetDependency section */
		28A062F42D7A3DD000E9F382 /* PBXTargetDependency */ = {
			isa = PBXTargetDependency;
			target = 28A062DD2D7A3DCE00E9F382 /* grammars */;
			targetProxy = 28A062F32D7A3DD000E9F382 /* PBXContainerItemProxy */;
		};
		28A062FE2D7A3DD000E9F382 /* PBXTargetDependency */ = {
			isa = PBXTargetDependency;
			target = 28A062DD2D7A3DCE00E9F382 /* grammars */;
			targetProxy = 28A062FD2D7A3DD000E9F382 /* PBXContainerItemProxy */;
		};
/* End PBXTargetDependency section */

/* Begin XCBuildConfiguration section */
		28A063062D7A3DD000E9F382 /* Debug */ = {
			isa = XCBuildConfiguration;
			buildSettings = {
				ASSETCATALOG_COMPILER_APPICON_NAME = AppIcon;
				ASSETCATALOG_COMPILER_GLOBAL_ACCENT_COLOR_NAME = AccentColor;
				CODE_SIGN_ENTITLEMENTS = grammars/grammars.entitlements;
				CODE_SIGN_STYLE = Automatic;
				COMBINE_HIDPI_IMAGES = YES;
				CURRENT_PROJECT_VERSION = 1;
				DEVELOPMENT_TEAM = KYL9DG95GE;
				ENABLE_HARDENED_RUNTIME = YES;
				ENABLE_PREVIEWS = YES;
				GENERATE_INFOPLIST_FILE = YES;
				INFOPLIST_FILE = grammars/Info.plist;
				INFOPLIST_KEY_NSHumanReadableCopyright = "";
				LD_RUNPATH_SEARCH_PATHS = (
					"$(inherited)",
					"@executable_path/../Frameworks",
				);
				MARKETING_VERSION = 1.0;
				PRODUCT_BUNDLE_IDENTIFIER = name.awwright.grammars;
				PRODUCT_NAME = "$(TARGET_NAME)";
				SWIFT_EMIT_LOC_STRINGS = YES;
				SWIFT_VERSION = "";
			};
			name = Debug;
		};
		28A063072D7A3DD000E9F382 /* Release */ = {
			isa = XCBuildConfiguration;
			buildSettings = {
				ASSETCATALOG_COMPILER_APPICON_NAME = AppIcon;
				ASSETCATALOG_COMPILER_GLOBAL_ACCENT_COLOR_NAME = AccentColor;
				CODE_SIGN_ENTITLEMENTS = grammars/grammars.entitlements;
				CODE_SIGN_STYLE = Automatic;
				COMBINE_HIDPI_IMAGES = YES;
				CURRENT_PROJECT_VERSION = 1;
				DEVELOPMENT_TEAM = KYL9DG95GE;
				ENABLE_HARDENED_RUNTIME = YES;
				ENABLE_PREVIEWS = YES;
				GENERATE_INFOPLIST_FILE = YES;
				INFOPLIST_FILE = grammars/Info.plist;
				INFOPLIST_KEY_NSHumanReadableCopyright = "";
				LD_RUNPATH_SEARCH_PATHS = (
					"$(inherited)",
					"@executable_path/../Frameworks",
				);
				MARKETING_VERSION = 1.0;
				PRODUCT_BUNDLE_IDENTIFIER = name.awwright.grammars;
				PRODUCT_NAME = "$(TARGET_NAME)";
				SWIFT_EMIT_LOC_STRINGS = YES;
				SWIFT_VERSION = "";
			};
			name = Release;
		};
		28A063082D7A3DD000E9F382 /* Debug */ = {
			isa = XCBuildConfiguration;
			buildSettings = {
				ALWAYS_SEARCH_USER_PATHS = NO;
				ASSETCATALOG_COMPILER_GENERATE_SWIFT_ASSET_SYMBOL_EXTENSIONS = YES;
				CLANG_ANALYZER_NONNULL = YES;
				CLANG_ANALYZER_NUMBER_OBJECT_CONVERSION = YES_AGGRESSIVE;
				CLANG_CXX_LANGUAGE_STANDARD = "gnu++20";
				CLANG_ENABLE_MODULES = YES;
				CLANG_ENABLE_OBJC_ARC = YES;
				CLANG_ENABLE_OBJC_WEAK = YES;
				CLANG_WARN_BLOCK_CAPTURE_AUTORELEASING = YES;
				CLANG_WARN_BOOL_CONVERSION = YES;
				CLANG_WARN_COMMA = YES;
				CLANG_WARN_CONSTANT_CONVERSION = YES;
				CLANG_WARN_DEPRECATED_OBJC_IMPLEMENTATIONS = YES;
				CLANG_WARN_DIRECT_OBJC_ISA_USAGE = YES_ERROR;
				CLANG_WARN_DOCUMENTATION_COMMENTS = YES;
				CLANG_WARN_EMPTY_BODY = YES;
				CLANG_WARN_ENUM_CONVERSION = YES;
				CLANG_WARN_INFINITE_RECURSION = YES;
				CLANG_WARN_INT_CONVERSION = YES;
				CLANG_WARN_NON_LITERAL_NULL_CONVERSION = YES;
				CLANG_WARN_OBJC_IMPLICIT_RETAIN_SELF = YES;
				CLANG_WARN_OBJC_LITERAL_CONVERSION = YES;
				CLANG_WARN_OBJC_ROOT_CLASS = YES_ERROR;
				CLANG_WARN_QUOTED_INCLUDE_IN_FRAMEWORK_HEADER = YES;
				CLANG_WARN_RANGE_LOOP_ANALYSIS = YES;
				CLANG_WARN_STRICT_PROTOTYPES = YES;
				CLANG_WARN_SUSPICIOUS_MOVE = YES;
				CLANG_WARN_UNGUARDED_AVAILABILITY = YES_AGGRESSIVE;
				CLANG_WARN_UNREACHABLE_CODE = YES;
				CLANG_WARN__DUPLICATE_METHOD_MATCH = YES;
				COPY_PHASE_STRIP = NO;
				DEBUG_INFORMATION_FORMAT = dwarf;
				ENABLE_STRICT_OBJC_MSGSEND = YES;
				ENABLE_TESTABILITY = YES;
				ENABLE_USER_SCRIPT_SANDBOXING = YES;
				GCC_C_LANGUAGE_STANDARD = gnu17;
				GCC_DYNAMIC_NO_PIC = NO;
				GCC_NO_COMMON_BLOCKS = YES;
				GCC_OPTIMIZATION_LEVEL = 0;
				GCC_PREPROCESSOR_DEFINITIONS = (
					"DEBUG=1",
					"$(inherited)",
				);
				GCC_WARN_64_TO_32_BIT_CONVERSION = YES;
				GCC_WARN_ABOUT_RETURN_TYPE = YES_ERROR;
				GCC_WARN_UNDECLARED_SELECTOR = YES;
				GCC_WARN_UNINITIALIZED_AUTOS = YES_AGGRESSIVE;
				GCC_WARN_UNUSED_FUNCTION = YES;
				GCC_WARN_UNUSED_VARIABLE = YES;
				LOCALIZATION_PREFERS_STRING_CATALOGS = YES;
				MACOSX_DEPLOYMENT_TARGET = 15.2;
				MTL_ENABLE_DEBUG_INFO = INCLUDE_SOURCE;
				MTL_FAST_MATH = YES;
				ONLY_ACTIVE_ARCH = YES;
				SDKROOT = macosx;
				SWIFT_ACTIVE_COMPILATION_CONDITIONS = "DEBUG $(inherited)";
				SWIFT_OPTIMIZATION_LEVEL = "-Onone";
			};
			name = Debug;
		};
		28A063092D7A3DD000E9F382 /* Release */ = {
			isa = XCBuildConfiguration;
			buildSettings = {
				ALWAYS_SEARCH_USER_PATHS = NO;
				ASSETCATALOG_COMPILER_GENERATE_SWIFT_ASSET_SYMBOL_EXTENSIONS = YES;
				CLANG_ANALYZER_NONNULL = YES;
				CLANG_ANALYZER_NUMBER_OBJECT_CONVERSION = YES_AGGRESSIVE;
				CLANG_CXX_LANGUAGE_STANDARD = "gnu++20";
				CLANG_ENABLE_MODULES = YES;
				CLANG_ENABLE_OBJC_ARC = YES;
				CLANG_ENABLE_OBJC_WEAK = YES;
				CLANG_WARN_BLOCK_CAPTURE_AUTORELEASING = YES;
				CLANG_WARN_BOOL_CONVERSION = YES;
				CLANG_WARN_COMMA = YES;
				CLANG_WARN_CONSTANT_CONVERSION = YES;
				CLANG_WARN_DEPRECATED_OBJC_IMPLEMENTATIONS = YES;
				CLANG_WARN_DIRECT_OBJC_ISA_USAGE = YES_ERROR;
				CLANG_WARN_DOCUMENTATION_COMMENTS = YES;
				CLANG_WARN_EMPTY_BODY = YES;
				CLANG_WARN_ENUM_CONVERSION = YES;
				CLANG_WARN_INFINITE_RECURSION = YES;
				CLANG_WARN_INT_CONVERSION = YES;
				CLANG_WARN_NON_LITERAL_NULL_CONVERSION = YES;
				CLANG_WARN_OBJC_IMPLICIT_RETAIN_SELF = YES;
				CLANG_WARN_OBJC_LITERAL_CONVERSION = YES;
				CLANG_WARN_OBJC_ROOT_CLASS = YES_ERROR;
				CLANG_WARN_QUOTED_INCLUDE_IN_FRAMEWORK_HEADER = YES;
				CLANG_WARN_RANGE_LOOP_ANALYSIS = YES;
				CLANG_WARN_STRICT_PROTOTYPES = YES;
				CLANG_WARN_SUSPICIOUS_MOVE = YES;
				CLANG_WARN_UNGUARDED_AVAILABILITY = YES_AGGRESSIVE;
				CLANG_WARN_UNREACHABLE_CODE = YES;
				CLANG_WARN__DUPLICATE_METHOD_MATCH = YES;
				COPY_PHASE_STRIP = NO;
				DEBUG_INFORMATION_FORMAT = "dwarf-with-dsym";
				ENABLE_NS_ASSERTIONS = NO;
				ENABLE_STRICT_OBJC_MSGSEND = YES;
				ENABLE_USER_SCRIPT_SANDBOXING = YES;
				GCC_C_LANGUAGE_STANDARD = gnu17;
				GCC_NO_COMMON_BLOCKS = YES;
				GCC_WARN_64_TO_32_BIT_CONVERSION = YES;
				GCC_WARN_ABOUT_RETURN_TYPE = YES_ERROR;
				GCC_WARN_UNDECLARED_SELECTOR = YES;
				GCC_WARN_UNINITIALIZED_AUTOS = YES_AGGRESSIVE;
				GCC_WARN_UNUSED_FUNCTION = YES;
				GCC_WARN_UNUSED_VARIABLE = YES;
				LOCALIZATION_PREFERS_STRING_CATALOGS = YES;
				MACOSX_DEPLOYMENT_TARGET = 15.2;
				MTL_ENABLE_DEBUG_INFO = NO;
				MTL_FAST_MATH = YES;
				SDKROOT = macosx;
				SWIFT_COMPILATION_MODE = wholemodule;
			};
			name = Release;
		};
		28A0630B2D7A3DD000E9F382 /* Debug */ = {
			isa = XCBuildConfiguration;
			buildSettings = {
				BUNDLE_LOADER = "$(TEST_HOST)";
				CODE_SIGN_STYLE = Automatic;
				CURRENT_PROJECT_VERSION = 1;
				DEVELOPMENT_TEAM = KYL9DG95GE;
				GENERATE_INFOPLIST_FILE = YES;
				MACOSX_DEPLOYMENT_TARGET = 15.2;
				MARKETING_VERSION = 1.0;
				PRODUCT_BUNDLE_IDENTIFIER = name.awwright.grammarsTests;
				PRODUCT_NAME = "$(TARGET_NAME)";
				SWIFT_EMIT_LOC_STRINGS = NO;
				SWIFT_VERSION = 5.0;
				TEST_HOST = "$(BUILT_PRODUCTS_DIR)/grammars.app/$(BUNDLE_EXECUTABLE_FOLDER_PATH)/grammars";
			};
			name = Debug;
		};
		28A0630C2D7A3DD000E9F382 /* Release */ = {
			isa = XCBuildConfiguration;
			buildSettings = {
				BUNDLE_LOADER = "$(TEST_HOST)";
				CODE_SIGN_STYLE = Automatic;
				CURRENT_PROJECT_VERSION = 1;
				DEVELOPMENT_TEAM = KYL9DG95GE;
				GENERATE_INFOPLIST_FILE = YES;
				MACOSX_DEPLOYMENT_TARGET = 15.2;
				MARKETING_VERSION = 1.0;
				PRODUCT_BUNDLE_IDENTIFIER = name.awwright.grammarsTests;
				PRODUCT_NAME = "$(TARGET_NAME)";
				SWIFT_EMIT_LOC_STRINGS = NO;
				SWIFT_VERSION = 5.0;
				TEST_HOST = "$(BUILT_PRODUCTS_DIR)/grammars.app/$(BUNDLE_EXECUTABLE_FOLDER_PATH)/grammars";
			};
			name = Release;
		};
		28A0630E2D7A3DD000E9F382 /* Debug */ = {
			isa = XCBuildConfiguration;
			buildSettings = {
				CODE_SIGN_STYLE = Automatic;
				CURRENT_PROJECT_VERSION = 1;
				DEVELOPMENT_TEAM = KYL9DG95GE;
				GENERATE_INFOPLIST_FILE = YES;
				MARKETING_VERSION = 1.0;
				PRODUCT_BUNDLE_IDENTIFIER = name.awwright.grammarsUITests;
				PRODUCT_NAME = "$(TARGET_NAME)";
				SWIFT_EMIT_LOC_STRINGS = NO;
				SWIFT_VERSION = 5.0;
				TEST_TARGET_NAME = grammars;
			};
			name = Debug;
		};
		28A0630F2D7A3DD000E9F382 /* Release */ = {
			isa = XCBuildConfiguration;
			buildSettings = {
				CODE_SIGN_STYLE = Automatic;
				CURRENT_PROJECT_VERSION = 1;
				DEVELOPMENT_TEAM = KYL9DG95GE;
				GENERATE_INFOPLIST_FILE = YES;
				MARKETING_VERSION = 1.0;
				PRODUCT_BUNDLE_IDENTIFIER = name.awwright.grammarsUITests;
				PRODUCT_NAME = "$(TARGET_NAME)";
				SWIFT_EMIT_LOC_STRINGS = NO;
				SWIFT_VERSION = 5.0;
				TEST_TARGET_NAME = grammars;
			};
			name = Release;
		};
/* End XCBuildConfiguration section */

/* Begin XCConfigurationList section */
		28A062D92D7A3DCE00E9F382 /* Build configuration list for PBXProject "grammars" */ = {
			isa = XCConfigurationList;
			buildConfigurations = (
				28A063082D7A3DD000E9F382 /* Debug */,
				28A063092D7A3DD000E9F382 /* Release */,
			);
			defaultConfigurationIsVisible = 0;
			defaultConfigurationName = Release;
		};
		28A063052D7A3DD000E9F382 /* Build configuration list for PBXNativeTarget "grammars" */ = {
			isa = XCConfigurationList;
			buildConfigurations = (
				28A063062D7A3DD000E9F382 /* Debug */,
				28A063072D7A3DD000E9F382 /* Release */,
			);
			defaultConfigurationIsVisible = 0;
			defaultConfigurationName = Release;
		};
		28A0630A2D7A3DD000E9F382 /* Build configuration list for PBXNativeTarget "grammarsTests" */ = {
			isa = XCConfigurationList;
			buildConfigurations = (
				28A0630B2D7A3DD000E9F382 /* Debug */,
				28A0630C2D7A3DD000E9F382 /* Release */,
			);
			defaultConfigurationIsVisible = 0;
			defaultConfigurationName = Release;
		};
		28A0630D2D7A3DD000E9F382 /* Build configuration list for PBXNativeTarget "grammarsUITests" */ = {
			isa = XCConfigurationList;
			buildConfigurations = (
				28A0630E2D7A3DD000E9F382 /* Debug */,
				28A0630F2D7A3DD000E9F382 /* Release */,
			);
			defaultConfigurationIsVisible = 0;
			defaultConfigurationName = Release;
		};
/* End XCConfigurationList section */

/* Begin XCLocalSwiftPackageReference section */
		28D1978C2D7CE1BD006CF0CA /* XCLocalSwiftPackageReference "../../Grammars.swift/FSM" */ = {
			isa = XCLocalSwiftPackageReference;
			relativePath = ../../Grammars.swift/FSM;
		};
/* End XCLocalSwiftPackageReference section */

/* Begin XCSwiftPackageProductDependency section */
		28A063112D7A3F3900E9F382 /* FSM */ = {
			isa = XCSwiftPackageProductDependency;
			productName = FSM;
		};
/* End XCSwiftPackageProductDependency section */
	};
	rootObject = 28A062D62D7A3DCE00E9F382 /* Project object */;
}
